
Microsoft Visual Studio Solution File, Format Version 12.00
# Visual Studio Version 17
VisualStudioVersion = 17.0.31903.59
MinimumVisualStudioVersion = 10.0.40219.1
Project("{FAE04EC0-301F-11D3-BF4B-00C04F79EFBC}") = "PlayPlanner.Api", "PlayPlanner.Api\PlayPlanner.Api.csproj", "{31B5EB3C-5004-4C03-8128-A51E4786C860}"
EndProject
Project("{FAE04EC0-301F-11D3-BF4B-00C04F79EFBC}") = "PlayPlanner.Domain", "PlayPlanner.Domain\PlayPlanner.Domain.csproj", "{17CAE9E4-83D0-4993-B128-579AE4252F59}"
EndProject
Project("{FAE04EC0-301F-11D3-BF4B-00C04F79EFBC}") = "PlayPlanner.Application", "PlayPlanner.Application\PlayPlanner.Application.csproj", "{44D14F0B-5ABD-4297-B411-33DF8BDD67D8}"
EndProject
Project("{FAE04EC0-301F-11D3-BF4B-00C04F79EFBC}") = "PlayPlanner.Infrastructure", "PlayPlanner.Infrastructure\PlayPlanner.Infrastructure.csproj", "{39C8EB9D-9C1E-4650-B309-F8352C908402}"
EndProject
Project("{FAE04EC0-301F-11D3-BF4B-00C04F79EFBC}") = "PlayPlanner.PlaySystem", "PlayPlanner.PlaySystem\PlayPlanner.PlaySystem.csproj", "{0D68EA95-22B0-40BD-A474-F721C40D54F6}"
EndProject
Global
	GlobalSection(SolutionConfigurationPlatforms) = preSolution
		Debug|Any CPU = Debug|Any CPU
		Debug|x64 = Debug|x64
		Debug|x86 = Debug|x86
		Release|Any CPU = Release|Any CPU
		Release|x64 = Release|x64
		Release|x86 = Release|x86
	EndGlobalSection
	GlobalSection(ProjectConfigurationPlatforms) = postSolution
		{31B5EB3C-5004-4C03-8128-A51E4786C860}.Debug|Any CPU.ActiveCfg = Debug|Any CPU
		{31B5EB3C-5004-4C03-8128-A51E4786C860}.Debug|Any CPU.Build.0 = Debug|Any CPU
		{31B5EB3C-5004-4C03-8128-A51E4786C860}.Debug|x64.ActiveCfg = Debug|Any CPU
		{31B5EB3C-5004-4C03-8128-A51E4786C860}.Debug|x64.Build.0 = Debug|Any CPU
		{31B5EB3C-5004-4C03-8128-A51E4786C860}.Debug|x86.ActiveCfg = Debug|Any CPU
		{31B5EB3C-5004-4C03-8128-A51E4786C860}.Debug|x86.Build.0 = Debug|Any CPU
		{31B5EB3C-5004-4C03-8128-A51E4786C860}.Release|Any CPU.ActiveCfg = Release|Any CPU
		{31B5EB3C-5004-4C03-8128-A51E4786C860}.Release|Any CPU.Build.0 = Release|Any CPU
		{31B5EB3C-5004-4C03-8128-A51E4786C860}.Release|x64.ActiveCfg = Release|Any CPU
		{31B5EB3C-5004-4C03-8128-A51E4786C860}.Release|x64.Build.0 = Release|Any CPU
		{31B5EB3C-5004-4C03-8128-A51E4786C860}.Release|x86.ActiveCfg = Release|Any CPU
		{31B5EB3C-5004-4C03-8128-A51E4786C860}.Release|x86.Build.0 = Release|Any CPU
		{17CAE9E4-83D0-4993-B128-579AE4252F59}.Debug|Any CPU.ActiveCfg = Debug|Any CPU
		{17CAE9E4-83D0-4993-B128-579AE4252F59}.Debug|Any CPU.Build.0 = Debug|Any CPU
		{17CAE9E4-83D0-4993-B128-579AE4252F59}.Debug|x64.ActiveCfg = Debug|Any CPU
		{17CAE9E4-83D0-4993-B128-579AE4252F59}.Debug|x64.Build.0 = Debug|Any CPU
		{17CAE9E4-83D0-4993-B128-579AE4252F59}.Debug|x86.ActiveCfg = Debug|Any CPU
		{17CAE9E4-83D0-4993-B128-579AE4252F59}.Debug|x86.Build.0 = Debug|Any CPU
		{17CAE9E4-83D0-4993-B128-579AE4252F59}.Release|Any CPU.ActiveCfg = Release|Any CPU
		{17CAE9E4-83D0-4993-B128-579AE4252F59}.Release|Any CPU.Build.0 = Release|Any CPU
		{17CAE9E4-83D0-4993-B128-579AE4252F59}.Release|x64.ActiveCfg = Release|Any CPU
		{17CAE9E4-83D0-4993-B128-579AE4252F59}.Release|x64.Build.0 = Release|Any CPU
		{17CAE9E4-83D0-4993-B128-579AE4252F59}.Release|x86.ActiveCfg = Release|Any CPU
		{17CAE9E4-83D0-4993-B128-579AE4252F59}.Release|x86.Build.0 = Release|Any CPU
		{44D14F0B-5ABD-4297-B411-33DF8BDD67D8}.Debug|Any CPU.ActiveCfg = Debug|Any CPU
		{44D14F0B-5ABD-4297-B411-33DF8BDD67D8}.Debug|Any CPU.Build.0 = Debug|Any CPU
		{44D14F0B-5ABD-4297-B411-33DF8BDD67D8}.Debug|x64.ActiveCfg = Debug|Any CPU
		{44D14F0B-5ABD-4297-B411-33DF8BDD67D8}.Debug|x64.Build.0 = Debug|Any CPU
		{44D14F0B-5ABD-4297-B411-33DF8BDD67D8}.Debug|x86.ActiveCfg = Debug|Any CPU
		{44D14F0B-5ABD-4297-B411-33DF8BDD67D8}.Debug|x86.Build.0 = Debug|Any CPU
		{44D14F0B-5ABD-4297-B411-33DF8BDD67D8}.Release|Any CPU.ActiveCfg = Release|Any CPU
		{44D14F0B-5ABD-4297-B411-33DF8BDD67D8}.Release|Any CPU.Build.0 = Release|Any CPU
		{44D14F0B-5ABD-4297-B411-33DF8BDD67D8}.Release|x64.ActiveCfg = Release|Any CPU
		{44D14F0B-5ABD-4297-B411-33DF8BDD67D8}.Release|x64.Build.0 = Release|Any CPU
		{44D14F0B-5ABD-4297-B411-33DF8BDD67D8}.Release|x86.ActiveCfg = Release|Any CPU
		{44D14F0B-5ABD-4297-B411-33DF8BDD67D8}.Release|x86.Build.0 = Release|Any CPU
		{39C8EB9D-9C1E-4650-B309-F8352C908402}.Debug|Any CPU.ActiveCfg = Debug|Any CPU
		{39C8EB9D-9C1E-4650-B309-F8352C908402}.Debug|Any CPU.Build.0 = Debug|Any CPU
		{39C8EB9D-9C1E-4650-B309-F8352C908402}.Debug|x64.ActiveCfg = Debug|Any CPU
		{39C8EB9D-9C1E-4650-B309-F8352C908402}.Debug|x64.Build.0 = Debug|Any CPU
		{39C8EB9D-9C1E-4650-B309-F8352C908402}.Debug|x86.ActiveCfg = Debug|Any CPU
		{39C8EB9D-9C1E-4650-B309-F8352C908402}.Debug|x86.Build.0 = Debug|Any CPU
		{39C8EB9D-9C1E-4650-B309-F8352C908402}.Release|Any CPU.ActiveCfg = Release|Any CPU
		{39C8EB9D-9C1E-4650-B309-F8352C908402}.Release|Any CPU.Build.0 = Release|Any CPU
		{39C8EB9D-9C1E-4650-B309-F8352C908402}.Release|x64.ActiveCfg = Release|Any CPU
		{39C8EB9D-9C1E-4650-B309-F8352C908402}.Release|x64.Build.0 = Release|Any CPU
		{39C8EB9D-9C1E-4650-B309-F8352C908402}.Release|x86.ActiveCfg = Release|Any CPU
		{39C8EB9D-9C1E-4650-B309-F8352C908402}.Release|x86.Build.0 = Release|Any CPU
		{0D68EA95-22B0-40BD-A474-F721C40D54F6}.Debug|Any CPU.ActiveCfg = Debug|Any CPU
		{0D68EA95-22B0-40BD-A474-F721C40D54F6}.Debug|Any CPU.Build.0 = Debug|Any CPU
		{0D68EA95-22B0-40BD-A474-F721C40D54F6}.Debug|x64.ActiveCfg = Debug|Any CPU
		{0D68EA95-22B0-40BD-A474-F721C40D54F6}.Debug|x64.Build.0 = Debug|Any CPU
		{0D68EA95-22B0-40BD-A474-F721C40D54F6}.Debug|x86.ActiveCfg = Debug|Any CPU
		{0D68EA95-22B0-40BD-A474-F721C40D54F6}.Debug|x86.Build.0 = Debug|Any CPU
		{0D68EA95-22B0-40BD-A474-F721C40D54F6}.Release|Any CPU.ActiveCfg = Release|Any CPU
		{0D68EA95-22B0-40BD-A474-F721C40D54F6}.Release|Any CPU.Build.0 = Release|Any CPU
		{0D68EA95-22B0-40BD-A474-F721C40D54F6}.Release|x64.ActiveCfg = Release|Any CPU
		{0D68EA95-22B0-40BD-A474-F721C40D54F6}.Release|x64.Build.0 = Release|Any CPU
		{0D68EA95-22B0-40BD-A474-F721C40D54F6}.Release|x86.ActiveCfg = Release|Any CPU
		{0D68EA95-22B0-40BD-A474-F721C40D54F6}.Release|x86.Build.0 = Release|Any CPU
	EndGlobalSection
	GlobalSection(SolutionProperties) = preSolution
		HideSolutionNode = FALSE
	EndGlobalSection
EndGlobal
